
Microsoft Visual Studio Solution File, Format Version 12.00
# Visual Studio Version 17
VisualStudioVersion = 17.14.36717.8 d17.14
MinimumVisualStudioVersion = 10.0.40219.1
Project("{FAE04EC0-301F-11D3-BF4B-00C04F79EFBC}") = "ViewBag", "ViewBag\ViewBag.csproj", "{BD5B66FB-EA36-4A60-AC9A-EA560664797A}"
EndProject
Global
	GlobalSection(SolutionConfigurationPlatforms) = preSolution
		Debug|Any CPU = Debug|Any CPU
		Release|Any CPU = Release|Any CPU
	EndGlobalSection
	GlobalSection(ProjectConfigurationPlatforms) = postSolution
		{BD5B66FB-EA36-4A60-AC9A-EA560664797A}.Debug|Any CPU.ActiveCfg = Debug|Any CPU
		{BD5B66FB-EA36-4A60-AC9A-EA560664797A}.Debug|Any CPU.Build.0 = Debug|Any CPU
		{BD5B66FB-EA36-4A60-AC9A-EA560664797A}.Release|Any CPU.ActiveCfg = Release|Any CPU
		{BD5B66FB-EA36-4A60-AC9A-EA560664797A}.Release|Any CPU.Build.0 = Release|Any CPU
	EndGlobalSection
	GlobalSection(SolutionProperties) = preSolution
		HideSolutionNode = FALSE
	EndGlobalSection
	GlobalSection(ExtensibilityGlobals) = postSolution
		SolutionGuid = {B9C4FF1B-3A91-4CF9-BE47-91E32E718F85}
	EndGlobalSection
EndGlobal
